
Microsoft Visual Studio Solution File, Format Version 12.00
# Visual Studio Version 17
VisualStudioVersion = 17.4.33213.308
MinimumVisualStudioVersion = 10.0.40219.1
Project("{FAE04EC0-301F-11D3-BF4B-00C04F79EFBC}") = "Array Task", "Array Task\Array Task.csproj", "{6BABB222-C3B0-4168-A6DF-C674BEC4049D}"
EndProject
Global
	GlobalSection(SolutionConfigurationPlatforms) = preSolution
		Debug|Any CPU = Debug|Any CPU
		Release|Any CPU = Release|Any CPU
	EndGlobalSection
	GlobalSection(ProjectConfigurationPlatforms) = postSolution
		{6BABB222-C3B0-4168-A6DF-C674BEC4049D}.Debug|Any CPU.ActiveCfg = Debug|Any CPU
		{6BABB222-C3B0-4168-A6DF-C674BEC4049D}.Debug|Any CPU.Build.0 = Debug|Any CPU
		{6BABB222-C3B0-4168-A6DF-C674BEC4049D}.Release|Any CPU.ActiveCfg = Release|Any CPU
		{6BABB222-C3B0-4168-A6DF-C674BEC4049D}.Release|Any CPU.Build.0 = Release|Any CPU
	EndGlobalSection
	GlobalSection(SolutionProperties) = preSolution
		HideSolutionNode = FALSE
	EndGlobalSection
	GlobalSection(ExtensibilityGlobals) = postSolution
		SolutionGuid = {EDB6C081-87CB-49D4-885B-114262F5CDF2}
	EndGlobalSection
EndGlobal
